
Microsoft Visual Studio Solution File, Format Version 12.00
# Visual Studio Version 16
VisualStudioVersion = 16.0.31019.35
MinimumVisualStudioVersion = 10.0.40219.1
Project("{FAE04EC0-301F-11D3-BF4B-00C04F79EFBC}") = "Sistemas", "Sistemas\Sistemas.csproj", "{CA1B4925-C58C-40F5-A123-977E01BC516F}"
EndProject
Global
	GlobalSection(SolutionConfigurationPlatforms) = preSolution
		Debug|Any CPU = Debug|Any CPU
		Release|Any CPU = Release|Any CPU
	EndGlobalSection
	GlobalSection(ProjectConfigurationPlatforms) = postSolution
		{CA1B4925-C58C-40F5-A123-977E01BC516F}.Debug|Any CPU.ActiveCfg = Debug|Any CPU
		{CA1B4925-C58C-40F5-A123-977E01BC516F}.Debug|Any CPU.Build.0 = Debug|Any CPU
		{CA1B4925-C58C-40F5-A123-977E01BC516F}.Release|Any CPU.ActiveCfg = Release|Any CPU
		{CA1B4925-C58C-40F5-A123-977E01BC516F}.Release|Any CPU.Build.0 = Release|Any CPU
	EndGlobalSection
	GlobalSection(SolutionProperties) = preSolution
		HideSolutionNode = FALSE
	EndGlobalSection
	GlobalSection(ExtensibilityGlobals) = postSolution
		SolutionGuid = {27746666-D442-419F-9275-1EAB76520D80}
	EndGlobalSection
EndGlobal
